{
  "name": "achievefe",
  "lockfileVersion": 2,
  "requires": true,
  "packages": {
    "": {
      "dependencies": {
        "@syncfusion/ej2-angular-grids": "^20.1.58"
      }
    },
    "node_modules/@syncfusion/ej2-angular-base": {
      "version": "20.1.55",
      "resolved": "https://registry.npmjs.org/@syncfusion/ej2-angular-base/-/ej2-angular-base-20.1.55.tgz",
      "integrity": "sha512-IIVBO1SSAycctWOyVdlgQ5Ryj6lSalQw01swlfAkf1+grJQGE7+szGwuBhQps3Mb9NMhzjXXRbNQp1cesuTNPw==",
      "hasInstallScript": true,
      "dependencies": {
        "@syncfusion/ej2-base": "~20.1.55",
        "@syncfusion/ej2-icons": "~20.1.55",
        "core-js": "^3.4.8",
        "reflect-metadata": "^0.1.9",
        "rxjs": "^6.5.4",
        "rxjs-compat": "^6.5.4",
        "zone.js": "^0.10.2"
      }
    },
    "node_modules/@syncfusion/ej2-angular-grids": {
      "version": "20.1.58",
      "resolved": "https://registry.npmjs.org/@syncfusion/ej2-angular-grids/-/ej2-angular-grids-20.1.58.tgz",
      "integrity": "sha512-VpJZNEp0Oo6mrQFmV5Tir/sS8yzlX6mz6DVma55jBMxDNvax+Nj8R+xcLpv1lDdYgn3eHQCcW6abVQkQnIMk6Q==",
      "dependencies": {
        "@syncfusion/ej2-angular-base": "~20.1.55",
        "@syncfusion/ej2-base": "~20.1.57",
        "@syncfusion/ej2-grids": "20.1.58"
      }
    },
    "node_modules/@syncfusion/ej2-base": {
      "version": "20.1.57",
      "resolved": "https://registry.npmjs.org/@syncfusion/ej2-base/-/ej2-base-20.1.57.tgz",
      "integrity": "sha512-mHexHWIh7Zwy9FnVyQp0AKRAwvagprUv7Sf95Ibe4mV+ArjCsCOg71bc7B8OdsxvDJj651fVvi7fWaUARKHauA==",
      "dependencies": {
        "@syncfusion/ej2-icons": "~20.1.55"
      }
    },
    "node_modules/@syncfusion/ej2-buttons": {
      "version": "20.1.55",
      "resolved": "https://registry.npmjs.org/@syncfusion/ej2-buttons/-/ej2-buttons-20.1.55.tgz",
      "integrity": "sha512-4Dw5z9RL5TY5z3mZ7X66pzHegdgmeSt41gRDnhXqmq6k60k9O5dqCvfSe7op4Ufo8rRt9SWDd8UEqUAfzIxGfg==",
      "dependencies": {
        "@syncfusion/ej2-base": "~20.1.55"
      }
    },
    "node_modules/@syncfusion/ej2-calendars": {
      "version": "20.1.58",
      "resolved": "https://registry.npmjs.org/@syncfusion/ej2-calendars/-/ej2-calendars-20.1.58.tgz",
      "integrity": "sha512-cjSZ9xqvrPIk68e0G/nhyTBHQDgWrDQ0TShbhE6YNBMDQmJif8yjK8uXPgHyt6kh4im0wLzNUWaiXmChS1ACEw==",
      "dependencies": {
        "@syncfusion/ej2-base": "~20.1.57",
        "@syncfusion/ej2-buttons": "~20.1.55",
        "@syncfusion/ej2-inputs": "~20.1.58",
        "@syncfusion/ej2-lists": "~20.1.55",
        "@syncfusion/ej2-popups": "~20.1.58"
      }
    },
    "node_modules/@syncfusion/ej2-compression": {
      "version": "20.1.55",
      "resolved": "https://registry.npmjs.org/@syncfusion/ej2-compression/-/ej2-compression-20.1.55.tgz",
      "integrity": "sha512-GCnXVpLEeSyaEXDawY2hq9cuwaFqVgJmHUaPyhvhx5kQ0vmEsvhaUsefXsFzT45TxhDzTVDBoSezz7lTQIuybQ==",
      "dependencies": {
        "@syncfusion/ej2-file-utils": "~20.1.55"
      }
    },
    "node_modules/@syncfusion/ej2-data": {
      "version": "20.1.55",
      "resolved": "https://registry.npmjs.org/@syncfusion/ej2-data/-/ej2-data-20.1.55.tgz",
      "integrity": "sha512-iPFnJOjXlOHTP6EV1Qlk4XSympesryDjOMTIB6uYtuUVrHJM87Zk1Wgat7LPyYSB8olVbmPfnDHgCPEOJ8O5vw==",
      "dependencies": {
        "@syncfusion/ej2-base": "~20.1.55"
      }
    },
    "node_modules/@syncfusion/ej2-dropdowns": {
      "version": "20.1.58",
      "resolved": "https://registry.npmjs.org/@syncfusion/ej2-dropdowns/-/ej2-dropdowns-20.1.58.tgz",
      "integrity": "sha512-WZy4advhs+xMrer8Ck71H5grQ8xV+DLSu4JWLHnyKI+NaSwZ0iouUMs2S/Q+jJuhB34E40l7jpr3cClqZeIoTg==",
      "dependencies": {
        "@syncfusion/ej2-base": "~20.1.57",
        "@syncfusion/ej2-data": "~20.1.55",
        "@syncfusion/ej2-inputs": "~20.1.58",
        "@syncfusion/ej2-lists": "~20.1.55",
        "@syncfusion/ej2-navigations": "~20.1.58",
        "@syncfusion/ej2-popups": "~20.1.58"
      }
    },
    "node_modules/@syncfusion/ej2-excel-export": {
      "version": "20.1.55",
      "resolved": "https://registry.npmjs.org/@syncfusion/ej2-excel-export/-/ej2-excel-export-20.1.55.tgz",
      "integrity": "sha512-069GTc9Gd0UzZnFt9bwtc/nLfPXO64t/5c3lTytOeRQl56LPtZ9kS9bxJ71KmnDw7uEh7e6JTNH9cIBfTFLlzw==",
      "dependencies": {
        "@syncfusion/ej2-base": "~20.1.55",
        "@syncfusion/ej2-compression": "~20.1.55"
      }
    },
    "node_modules/@syncfusion/ej2-file-utils": {
      "version": "20.1.55",
      "resolved": "https://registry.npmjs.org/@syncfusion/ej2-file-utils/-/ej2-file-utils-20.1.55.tgz",
      "integrity": "sha512-Npgab78/jQ8OMWTWxwkiejx/5M+pL4zfJUvkTz+4pGXqA+TfXJcxxWYbxlEa4vVVPBNiiO/3PmaNoW9koq3rdQ=="
    },
    "node_modules/@syncfusion/ej2-grids": {
      "version": "20.1.58",
      "resolved": "https://registry.npmjs.org/@syncfusion/ej2-grids/-/ej2-grids-20.1.58.tgz",
      "integrity": "sha512-ZZUyHhNqg7MoGOQ67ycvlKVe4qkDWqaF7jm57IJKVBdWRm/Z96tOAXmY7uV7GoaQoZW4OaLAW/inpqaOm4hgRA==",
      "dependencies": {
        "@syncfusion/ej2-base": "~20.1.57",
        "@syncfusion/ej2-buttons": "~20.1.55",
        "@syncfusion/ej2-calendars": "~20.1.58",
        "@syncfusion/ej2-compression": "~20.1.55",
        "@syncfusion/ej2-data": "~20.1.55",
        "@syncfusion/ej2-dropdowns": "~20.1.58",
        "@syncfusion/ej2-excel-export": "~20.1.55",
        "@syncfusion/ej2-file-utils": "~20.1.55",
        "@syncfusion/ej2-inputs": "~20.1.58",
        "@syncfusion/ej2-lists": "~20.1.55",
        "@syncfusion/ej2-navigations": "~20.1.58",
        "@syncfusion/ej2-pdf-export": "~20.1.55",
        "@syncfusion/ej2-popups": "~20.1.58",
        "@syncfusion/ej2-splitbuttons": "~20.1.57"
      }
    },
    "node_modules/@syncfusion/ej2-icons": {
      "version": "20.1.55",
      "resolved": "https://registry.npmjs.org/@syncfusion/ej2-icons/-/ej2-icons-20.1.55.tgz",
      "integrity": "sha512-+0KxvnfK1SIXHpfXoh5I0Boa73FyWn53oaJgD+UmR5Qnbd2xt2g/mRXvpsegDd+Y3fcJPAwcncHDfzeXG3Xb7w=="
    },
    "node_modules/@syncfusion/ej2-inputs": {
      "version": "20.1.58",
      "resolved": "https://registry.npmjs.org/@syncfusion/ej2-inputs/-/ej2-inputs-20.1.58.tgz",
      "integrity": "sha512-cJykc770pIYTtKA9TXaUEPrTSZ76Uqtf732u8YaR4/xQyum0FgMfRwqRyZLDuxDv6zMPXuvowF8PlW30OL1/7A==",
      "dependencies": {
        "@syncfusion/ej2-base": "~20.1.57",
        "@syncfusion/ej2-buttons": "~20.1.55",
        "@syncfusion/ej2-popups": "~20.1.58",
        "@syncfusion/ej2-splitbuttons": "~20.1.57"
      }
    },
    "node_modules/@syncfusion/ej2-lists": {
      "version": "20.1.55",
      "resolved": "https://registry.npmjs.org/@syncfusion/ej2-lists/-/ej2-lists-20.1.55.tgz",
      "integrity": "sha512-0GT1GxuZygn0LFfm8XHwzcpxHA3oq6bsoZDMFLMSVLaFTEPN30Cx1VMwNWSDoEHk80D2M8xxAFWB9TOjYeuLFA==",
      "dependencies": {
        "@syncfusion/ej2-base": "~20.1.55",
        "@syncfusion/ej2-buttons": "~20.1.55",
        "@syncfusion/ej2-data": "~20.1.55"
      }
    },
    "node_modules/@syncfusion/ej2-navigations": {
      "version": "20.1.58",
      "resolved": "https://registry.npmjs.org/@syncfusion/ej2-navigations/-/ej2-navigations-20.1.58.tgz",
      "integrity": "sha512-ggdf8pBmLSFzC6A9kTFgp5pOi43orJMzxCSYmgGGRTJAG1ipivGH55C9ioTSafi+LBQ83j0TJeHYjhvX7oinyw==",
      "dependencies": {
        "@syncfusion/ej2-base": "~20.1.57",
        "@syncfusion/ej2-buttons": "~20.1.55",
        "@syncfusion/ej2-data": "~20.1.55",
        "@syncfusion/ej2-inputs": "~20.1.58",
        "@syncfusion/ej2-lists": "~20.1.55",
        "@syncfusion/ej2-popups": "~20.1.58"
      }
    },
    "node_modules/@syncfusion/ej2-pdf-export": {
      "version": "20.1.55",
      "resolved": "https://registry.npmjs.org/@syncfusion/ej2-pdf-export/-/ej2-pdf-export-20.1.55.tgz",
      "integrity": "sha512-y1e9spCvTM2dHkn9sTWvgrpDrDMcrfrXqDxP0+OtVnmg3rzSWAiDIyquzgJFCq5QPm9MSW012Trn1S6Gpb+UeQ==",
      "dependencies": {
        "@syncfusion/ej2-compression": "~20.1.55"
      }
    },
    "node_modules/@syncfusion/ej2-popups": {
      "version": "20.1.58",
      "resolved": "https://registry.npmjs.org/@syncfusion/ej2-popups/-/ej2-popups-20.1.58.tgz",
      "integrity": "sha512-cgh97wbBwO3pN7J7gV5jvWaXQLebDqIp+xIhPkb41H20pYujuaxarXorMq188e8sQ/8EOzM8eSPtWsDVhDab7w==",
      "dependencies": {
        "@syncfusion/ej2-base": "~20.1.57",
        "@syncfusion/ej2-buttons": "~20.1.55"
      }
    },
    "node_modules/@syncfusion/ej2-splitbuttons": {
      "version": "20.1.57",
      "resolved": "https://registry.npmjs.org/@syncfusion/ej2-splitbuttons/-/ej2-splitbuttons-20.1.57.tgz",
      "integrity": "sha512-C4Rm2oQuGELh34cHsAxgKvACF0skS+T1h8Gx/fyGNoG6p+MKX5sg8/A1cr1suNPfgpzcf6QzUmYPqRgqQVYvLA==",
      "dependencies": {
        "@syncfusion/ej2-base": "~20.1.56",
        "@syncfusion/ej2-popups": "~20.1.57"
      }
    },
    "node_modules/core-js": {
      "version": "3.22.8",
      "resolved": "https://registry.npmjs.org/core-js/-/core-js-3.22.8.tgz",
      "integrity": "sha512-UoGQ/cfzGYIuiq6Z7vWL1HfkE9U9IZ4Ub+0XSiJTCzvbZzgPA69oDF2f+lgJ6dFFLEdjW5O6svvoKzXX23xFkA==",
      "hasInstallScript": true,
      "funding": {
        "type": "opencollective",
        "url": "https://opencollective.com/core-js"
      }
    },
    "node_modules/reflect-metadata": {
      "version": "0.1.13",
      "resolved": "https://registry.npmjs.org/reflect-metadata/-/reflect-metadata-0.1.13.tgz",
      "integrity": "sha512-Ts1Y/anZELhSsjMcU605fU9RE4Oi3p5ORujwbIKXfWa+0Zxs510Qrmrce5/Jowq3cHSZSJqBjypxmHarc+vEWg=="
    },
    "node_modules/rxjs": {
      "version": "6.6.7",
      "resolved": "https://registry.npmjs.org/rxjs/-/rxjs-6.6.7.tgz",
      "integrity": "sha512-hTdwr+7yYNIT5n4AMYp85KA6yw2Va0FLa3Rguvbpa4W3I5xynaBZo41cM3XM+4Q6fRMj3sBYIR1VAmZMXYJvRQ==",
      "dependencies": {
        "tslib": "^1.9.0"
      },
      "engines": {
        "npm": ">=2.0.0"
      }
    },
    "node_modules/rxjs-compat": {
      "version": "6.6.7",
      "resolved": "https://registry.npmjs.org/rxjs-compat/-/rxjs-compat-6.6.7.tgz",
      "integrity": "sha512-szN4fK+TqBPOFBcBcsR0g2cmTTUF/vaFEOZNuSdfU8/pGFnNmmn2u8SystYXG1QMrjOPBc6XTKHMVfENDf6hHw=="
    },
    "node_modules/tslib": {
      "version": "1.14.1",
      "resolved": "https://registry.npmjs.org/tslib/-/tslib-1.14.1.tgz",
      "integrity": "sha512-Xni35NKzjgMrwevysHTCArtLDpPvye8zV/0E4EyYn43P7/7qvQwPh9BGkHewbMulVntbigmcT7rdX3BNo9wRJg=="
    },
    "node_modules/zone.js": {
      "version": "0.10.3",
      "resolved": "https://registry.npmjs.org/zone.js/-/zone.js-0.10.3.tgz",
      "integrity": "sha512-LXVLVEq0NNOqK/fLJo3d0kfzd4sxwn2/h67/02pjCjfKDxgx1i9QqpvtHD8CrBnSSwMw5+dy11O7FRX5mkO7Cg=="
    }
  },
  "dependencies": {
    "@syncfusion/ej2-angular-base": {
      "version": "20.1.55",
      "resolved": "https://registry.npmjs.org/@syncfusion/ej2-angular-base/-/ej2-angular-base-20.1.55.tgz",
      "integrity": "sha512-IIVBO1SSAycctWOyVdlgQ5Ryj6lSalQw01swlfAkf1+grJQGE7+szGwuBhQps3Mb9NMhzjXXRbNQp1cesuTNPw==",
      "requires": {
        "@syncfusion/ej2-base": "~20.1.55",
        "@syncfusion/ej2-icons": "~20.1.55",
        "core-js": "^3.4.8",
        "reflect-metadata": "^0.1.9",
        "rxjs": "^6.5.4",
        "rxjs-compat": "^6.5.4",
        "zone.js": "^0.10.2"
      }
    },
    "@syncfusion/ej2-angular-grids": {
      "version": "20.1.58",
      "resolved": "https://registry.npmjs.org/@syncfusion/ej2-angular-grids/-/ej2-angular-grids-20.1.58.tgz",
      "integrity": "sha512-VpJZNEp0Oo6mrQFmV5Tir/sS8yzlX6mz6DVma55jBMxDNvax+Nj8R+xcLpv1lDdYgn3eHQCcW6abVQkQnIMk6Q==",
      "requires": {
        "@syncfusion/ej2-angular-base": "~20.1.55",
        "@syncfusion/ej2-base": "~20.1.57",
        "@syncfusion/ej2-grids": "20.1.58"
      }
    },
    "@syncfusion/ej2-base": {
      "version": "20.1.57",
      "resolved": "https://registry.npmjs.org/@syncfusion/ej2-base/-/ej2-base-20.1.57.tgz",
      "integrity": "sha512-mHexHWIh7Zwy9FnVyQp0AKRAwvagprUv7Sf95Ibe4mV+ArjCsCOg71bc7B8OdsxvDJj651fVvi7fWaUARKHauA==",
      "requires": {
        "@syncfusion/ej2-icons": "~20.1.55"
      }
    },
    "@syncfusion/ej2-buttons": {
      "version": "20.1.55",
      "resolved": "https://registry.npmjs.org/@syncfusion/ej2-buttons/-/ej2-buttons-20.1.55.tgz",
      "integrity": "sha512-4Dw5z9RL5TY5z3mZ7X66pzHegdgmeSt41gRDnhXqmq6k60k9O5dqCvfSe7op4Ufo8rRt9SWDd8UEqUAfzIxGfg==",
      "requires": {
        "@syncfusion/ej2-base": "~20.1.55"
      }
    },
    "@syncfusion/ej2-calendars": {
      "version": "20.1.58",
      "resolved": "https://registry.npmjs.org/@syncfusion/ej2-calendars/-/ej2-calendars-20.1.58.tgz",
      "integrity": "sha512-cjSZ9xqvrPIk68e0G/nhyTBHQDgWrDQ0TShbhE6YNBMDQmJif8yjK8uXPgHyt6kh4im0wLzNUWaiXmChS1ACEw==",
      "requires": {
        "@syncfusion/ej2-base": "~20.1.57",
        "@syncfusion/ej2-buttons": "~20.1.55",
        "@syncfusion/ej2-inputs": "~20.1.58",
        "@syncfusion/ej2-lists": "~20.1.55",
        "@syncfusion/ej2-popups": "~20.1.58"
      }
    },
    "@syncfusion/ej2-compression": {
      "version": "20.1.55",
      "resolved": "https://registry.npmjs.org/@syncfusion/ej2-compression/-/ej2-compression-20.1.55.tgz",
      "integrity": "sha512-GCnXVpLEeSyaEXDawY2hq9cuwaFqVgJmHUaPyhvhx5kQ0vmEsvhaUsefXsFzT45TxhDzTVDBoSezz7lTQIuybQ==",
      "requires": {
        "@syncfusion/ej2-file-utils": "~20.1.55"
      }
    },
    "@syncfusion/ej2-data": {
      "version": "20.1.55",
      "resolved": "https://registry.npmjs.org/@syncfusion/ej2-data/-/ej2-data-20.1.55.tgz",
      "integrity": "sha512-iPFnJOjXlOHTP6EV1Qlk4XSympesryDjOMTIB6uYtuUVrHJM87Zk1Wgat7LPyYSB8olVbmPfnDHgCPEOJ8O5vw==",
      "requires": {
        "@syncfusion/ej2-base": "~20.1.55"
      }
    },
    "@syncfusion/ej2-dropdowns": {
      "version": "20.1.58",
      "resolved": "https://registry.npmjs.org/@syncfusion/ej2-dropdowns/-/ej2-dropdowns-20.1.58.tgz",
      "integrity": "sha512-WZy4advhs+xMrer8Ck71H5grQ8xV+DLSu4JWLHnyKI+NaSwZ0iouUMs2S/Q+jJuhB34E40l7jpr3cClqZeIoTg==",
      "requires": {
        "@syncfusion/ej2-base": "~20.1.57",
        "@syncfusion/ej2-data": "~20.1.55",
        "@syncfusion/ej2-inputs": "~20.1.58",
        "@syncfusion/ej2-lists": "~20.1.55",
        "@syncfusion/ej2-navigations": "~20.1.58",
        "@syncfusion/ej2-popups": "~20.1.58"
      }
    },
    "@syncfusion/ej2-excel-export": {
      "version": "20.1.55",
      "resolved": "https://registry.npmjs.org/@syncfusion/ej2-excel-export/-/ej2-excel-export-20.1.55.tgz",
      "integrity": "sha512-069GTc9Gd0UzZnFt9bwtc/nLfPXO64t/5c3lTytOeRQl56LPtZ9kS9bxJ71KmnDw7uEh7e6JTNH9cIBfTFLlzw==",
      "requires": {
        "@syncfusion/ej2-base": "~20.1.55",
        "@syncfusion/ej2-compression": "~20.1.55"
      }
    },
    "@syncfusion/ej2-file-utils": {
      "version": "20.1.55",
      "resolved": "https://registry.npmjs.org/@syncfusion/ej2-file-utils/-/ej2-file-utils-20.1.55.tgz",
      "integrity": "sha512-Npgab78/jQ8OMWTWxwkiejx/5M+pL4zfJUvkTz+4pGXqA+TfXJcxxWYbxlEa4vVVPBNiiO/3PmaNoW9koq3rdQ=="
    },
    "@syncfusion/ej2-grids": {
      "version": "20.1.58",
      "resolved": "https://registry.npmjs.org/@syncfusion/ej2-grids/-/ej2-grids-20.1.58.tgz",
      "integrity": "sha512-ZZUyHhNqg7MoGOQ67ycvlKVe4qkDWqaF7jm57IJKVBdWRm/Z96tOAXmY7uV7GoaQoZW4OaLAW/inpqaOm4hgRA==",
      "requires": {
        "@syncfusion/ej2-base": "~20.1.57",
        "@syncfusion/ej2-buttons": "~20.1.55",
        "@syncfusion/ej2-calendars": "~20.1.58",
        "@syncfusion/ej2-compression": "~20.1.55",
        "@syncfusion/ej2-data": "~20.1.55",
        "@syncfusion/ej2-dropdowns": "~20.1.58",
        "@syncfusion/ej2-excel-export": "~20.1.55",
        "@syncfusion/ej2-file-utils": "~20.1.55",
        "@syncfusion/ej2-inputs": "~20.1.58",
        "@syncfusion/ej2-lists": "~20.1.55",
        "@syncfusion/ej2-navigations": "~20.1.58",
        "@syncfusion/ej2-pdf-export": "~20.1.55",
        "@syncfusion/ej2-popups": "~20.1.58",
        "@syncfusion/ej2-splitbuttons": "~20.1.57"
      }
    },
    "@syncfusion/ej2-icons": {
      "version": "20.1.55",
      "resolved": "https://registry.npmjs.org/@syncfusion/ej2-icons/-/ej2-icons-20.1.55.tgz",
      "integrity": "sha512-+0KxvnfK1SIXHpfXoh5I0Boa73FyWn53oaJgD+UmR5Qnbd2xt2g/mRXvpsegDd+Y3fcJPAwcncHDfzeXG3Xb7w=="
    },
    "@syncfusion/ej2-inputs": {
      "version": "20.1.58",
      "resolved": "https://registry.npmjs.org/@syncfusion/ej2-inputs/-/ej2-inputs-20.1.58.tgz",
      "integrity": "sha512-cJykc770pIYTtKA9TXaUEPrTSZ76Uqtf732u8YaR4/xQyum0FgMfRwqRyZLDuxDv6zMPXuvowF8PlW30OL1/7A==",
      "requires": {
        "@syncfusion/ej2-base": "~20.1.57",
        "@syncfusion/ej2-buttons": "~20.1.55",
        "@syncfusion/ej2-popups": "~20.1.58",
        "@syncfusion/ej2-splitbuttons": "~20.1.57"
      }
    },
    "@syncfusion/ej2-lists": {
      "version": "20.1.55",
      "resolved": "https://registry.npmjs.org/@syncfusion/ej2-lists/-/ej2-lists-20.1.55.tgz",
      "integrity": "sha512-0GT1GxuZygn0LFfm8XHwzcpxHA3oq6bsoZDMFLMSVLaFTEPN30Cx1VMwNWSDoEHk80D2M8xxAFWB9TOjYeuLFA==",
      "requires": {
        "@syncfusion/ej2-base": "~20.1.55",
        "@syncfusion/ej2-buttons": "~20.1.55",
        "@syncfusion/ej2-data": "~20.1.55"
      }
    },
    "@syncfusion/ej2-navigations": {
      "version": "20.1.58",
      "resolved": "https://registry.npmjs.org/@syncfusion/ej2-navigations/-/ej2-navigations-20.1.58.tgz",
      "integrity": "sha512-ggdf8pBmLSFzC6A9kTFgp5pOi43orJMzxCSYmgGGRTJAG1ipivGH55C9ioTSafi+LBQ83j0TJeHYjhvX7oinyw==",
      "requires": {
        "@syncfusion/ej2-base": "~20.1.57",
        "@syncfusion/ej2-buttons": "~20.1.55",
        "@syncfusion/ej2-data": "~20.1.55",
        "@syncfusion/ej2-inputs": "~20.1.58",
        "@syncfusion/ej2-lists": "~20.1.55",
        "@syncfusion/ej2-popups": "~20.1.58"
      }
    },
    "@syncfusion/ej2-pdf-export": {
      "version": "20.1.55",
      "resolved": "https://registry.npmjs.org/@syncfusion/ej2-pdf-export/-/ej2-pdf-export-20.1.55.tgz",
      "integrity": "sha512-y1e9spCvTM2dHkn9sTWvgrpDrDMcrfrXqDxP0+OtVnmg3rzSWAiDIyquzgJFCq5QPm9MSW012Trn1S6Gpb+UeQ==",
      "requires": {
        "@syncfusion/ej2-compression": "~20.1.55"
      }
    },
    "@syncfusion/ej2-popups": {
      "version": "20.1.58",
      "resolved": "https://registry.npmjs.org/@syncfusion/ej2-popups/-/ej2-popups-20.1.58.tgz",
      "integrity": "sha512-cgh97wbBwO3pN7J7gV5jvWaXQLebDqIp+xIhPkb41H20pYujuaxarXorMq188e8sQ/8EOzM8eSPtWsDVhDab7w==",
      "requires": {
        "@syncfusion/ej2-base": "~20.1.57",
        "@syncfusion/ej2-buttons": "~20.1.55"
      }
    },
    "@syncfusion/ej2-splitbuttons": {
      "version": "20.1.57",
      "resolved": "https://registry.npmjs.org/@syncfusion/ej2-splitbuttons/-/ej2-splitbuttons-20.1.57.tgz",
      "integrity": "sha512-C4Rm2oQuGELh34cHsAxgKvACF0skS+T1h8Gx/fyGNoG6p+MKX5sg8/A1cr1suNPfgpzcf6QzUmYPqRgqQVYvLA==",
      "requires": {
        "@syncfusion/ej2-base": "~20.1.56",
        "@syncfusion/ej2-popups": "~20.1.57"
      }
    },
    "core-js": {
      "version": "3.22.8",
      "resolved": "https://registry.npmjs.org/core-js/-/core-js-3.22.8.tgz",
      "integrity": "sha512-UoGQ/cfzGYIuiq6Z7vWL1HfkE9U9IZ4Ub+0XSiJTCzvbZzgPA69oDF2f+lgJ6dFFLEdjW5O6svvoKzXX23xFkA=="
    },
    "reflect-metadata": {
      "version": "0.1.13",
      "resolved": "https://registry.npmjs.org/reflect-metadata/-/reflect-metadata-0.1.13.tgz",
      "integrity": "sha512-Ts1Y/anZELhSsjMcU605fU9RE4Oi3p5ORujwbIKXfWa+0Zxs510Qrmrce5/Jowq3cHSZSJqBjypxmHarc+vEWg=="
    },
    "rxjs": {
      "version": "6.6.7",
      "resolved": "https://registry.npmjs.org/rxjs/-/rxjs-6.6.7.tgz",
      "integrity": "sha512-hTdwr+7yYNIT5n4AMYp85KA6yw2Va0FLa3Rguvbpa4W3I5xynaBZo41cM3XM+4Q6fRMj3sBYIR1VAmZMXYJvRQ==",
      "requires": {
        "tslib": "^1.9.0"
      }
    },
    "rxjs-compat": {
      "version": "6.6.7",
      "resolved": "https://registry.npmjs.org/rxjs-compat/-/rxjs-compat-6.6.7.tgz",
      "integrity": "sha512-szN4fK+TqBPOFBcBcsR0g2cmTTUF/vaFEOZNuSdfU8/pGFnNmmn2u8SystYXG1QMrjOPBc6XTKHMVfENDf6hHw=="
    },
    "tslib": {
      "version": "1.14.1",
      "resolved": "https://registry.npmjs.org/tslib/-/tslib-1.14.1.tgz",
      "integrity": "sha512-Xni35NKzjgMrwevysHTCArtLDpPvye8zV/0E4EyYn43P7/7qvQwPh9BGkHewbMulVntbigmcT7rdX3BNo9wRJg=="
    },
    "zone.js": {
      "version": "0.10.3",
      "resolved": "https://registry.npmjs.org/zone.js/-/zone.js-0.10.3.tgz",
      "integrity": "sha512-LXVLVEq0NNOqK/fLJo3d0kfzd4sxwn2/h67/02pjCjfKDxgx1i9QqpvtHD8CrBnSSwMw5+dy11O7FRX5mkO7Cg=="
    }
  }
}
